
Microsoft Visual Studio Solution File, Format Version 12.00
# Visual Studio 15
Project("{FAE04EC0-301F-11D3-BF4B-00C04F79EFBC}") = "Assembly-CSharp", "Assembly-CSharp.csproj", "{52A356CC-C65B-1F2A-3EE8-B616614534A7}"
EndProject
Project("{FAE04EC0-301F-11D3-BF4B-00C04F79EFBC}") = "Assembly-CSharp-Editor", "Assembly-CSharp-Editor.csproj", "{028512B0-301B-031F-A7AD-AB1CE7DC820A}"
EndProject
Global
	GlobalSection(SolutionConfigurationPlatforms) = preSolution
		Debug|Any CPU = Debug|Any CPU
		Release|Any CPU = Release|Any CPU
	EndGlobalSection
	GlobalSection(ProjectConfigurationPlatforms) = postSolution
		{52A356CC-C65B-1F2A-3EE8-B616614534A7}.Debug|Any CPU.ActiveCfg = Debug|Any CPU
		{52A356CC-C65B-1F2A-3EE8-B616614534A7}.Debug|Any CPU.Build.0 = Debug|Any CPU
		{52A356CC-C65B-1F2A-3EE8-B616614534A7}.Release|Any CPU.ActiveCfg = Release|Any CPU
		{52A356CC-C65B-1F2A-3EE8-B616614534A7}.Release|Any CPU.Build.0 = Release|Any CPU
		{028512B0-301B-031F-A7AD-AB1CE7DC820A}.Debug|Any CPU.ActiveCfg = Debug|Any CPU
		{028512B0-301B-031F-A7AD-AB1CE7DC820A}.Debug|Any CPU.Build.0 = Debug|Any CPU
		{028512B0-301B-031F-A7AD-AB1CE7DC820A}.Release|Any CPU.ActiveCfg = Release|Any CPU
		{028512B0-301B-031F-A7AD-AB1CE7DC820A}.Release|Any CPU.Build.0 = Release|Any CPU
	EndGlobalSection
	GlobalSection(SolutionProperties) = preSolution
		HideSolutionNode = FALSE
	EndGlobalSection
EndGlobal
